
Microsoft Visual Studio Solution File, Format Version 12.00
# Visual Studio Version 17
VisualStudioVersion = 17.9.34616.47
MinimumVisualStudioVersion = 10.0.40219.1
Project("{9A19103F-16F7-4668-BE54-9A1E7A4F7556}") = "SanctuarySSModManager", "SanctuarySSModManager\SanctuarySSModManager.csproj", "{5F3970CC-B931-4CA0-BD34-B4B0DC89E4C8}"
EndProject
Project("{9A19103F-16F7-4668-BE54-9A1E7A4F7556}") = "SanctuarySSLib", "LuaLib\SanctuarySSLib.csproj", "{DCC41496-F945-4CA7-9E24-D00F44B252FC}"
EndProject
Project("{2150E333-8FDC-42A3-9474-1A3956D46DE8}") = "Solution Items", "Solution Items", "{998920EF-CD62-4C14-99CF-1DAA00D52DAC}"
	ProjectSection(SolutionItems) = preProject
		..\README.md = ..\README.md
	EndProjectSection
EndProject
Project("{9A19103F-16F7-4668-BE54-9A1E7A4F7556}") = "UnitTests", "UnitTests\UnitTests.csproj", "{EAF1B4DA-B357-46E4-94F5-83FF7A21E03F}"
EndProject
Project("{FAE04EC0-301F-11D3-BF4B-00C04F79EFBC}") = "LuaParserUtil", "LuaParserUtil\LuaParserUtil.csproj", "{CFDAADD2-7161-46DA-8854-3F3A49E01898}"
EndProject
Global
	GlobalSection(SolutionConfigurationPlatforms) = preSolution
		Debug|Any CPU = Debug|Any CPU
		Release|Any CPU = Release|Any CPU
	EndGlobalSection
	GlobalSection(ProjectConfigurationPlatforms) = postSolution
		{5F3970CC-B931-4CA0-BD34-B4B0DC89E4C8}.Debug|Any CPU.ActiveCfg = Debug|Any CPU
		{5F3970CC-B931-4CA0-BD34-B4B0DC89E4C8}.Debug|Any CPU.Build.0 = Debug|Any CPU
		{5F3970CC-B931-4CA0-BD34-B4B0DC89E4C8}.Release|Any CPU.ActiveCfg = Release|Any CPU
		{5F3970CC-B931-4CA0-BD34-B4B0DC89E4C8}.Release|Any CPU.Build.0 = Release|Any CPU
		{DCC41496-F945-4CA7-9E24-D00F44B252FC}.Debug|Any CPU.ActiveCfg = Debug|Any CPU
		{DCC41496-F945-4CA7-9E24-D00F44B252FC}.Debug|Any CPU.Build.0 = Debug|Any CPU
		{DCC41496-F945-4CA7-9E24-D00F44B252FC}.Release|Any CPU.ActiveCfg = Release|Any CPU
		{DCC41496-F945-4CA7-9E24-D00F44B252FC}.Release|Any CPU.Build.0 = Release|Any CPU
		{EAF1B4DA-B357-46E4-94F5-83FF7A21E03F}.Debug|Any CPU.ActiveCfg = Debug|Any CPU
		{EAF1B4DA-B357-46E4-94F5-83FF7A21E03F}.Debug|Any CPU.Build.0 = Debug|Any CPU
		{EAF1B4DA-B357-46E4-94F5-83FF7A21E03F}.Release|Any CPU.ActiveCfg = Release|Any CPU
		{EAF1B4DA-B357-46E4-94F5-83FF7A21E03F}.Release|Any CPU.Build.0 = Release|Any CPU
		{CFDAADD2-7161-46DA-8854-3F3A49E01898}.Debug|Any CPU.ActiveCfg = Debug|Any CPU
		{CFDAADD2-7161-46DA-8854-3F3A49E01898}.Debug|Any CPU.Build.0 = Debug|Any CPU
		{CFDAADD2-7161-46DA-8854-3F3A49E01898}.Release|Any CPU.ActiveCfg = Release|Any CPU
		{CFDAADD2-7161-46DA-8854-3F3A49E01898}.Release|Any CPU.Build.0 = Release|Any CPU
	EndGlobalSection
	GlobalSection(SolutionProperties) = preSolution
		HideSolutionNode = FALSE
	EndGlobalSection
	GlobalSection(ExtensibilityGlobals) = postSolution
		SolutionGuid = {B43F3021-E9C1-4407-A651-498D74A171F8}
	EndGlobalSection
EndGlobal
